
Microsoft Visual Studio Solution File, Format Version 12.00
Project("{F2A71F9B-5D33-465A-A702-920D77279786}") = "Project", "Project\Project.fsproj", "{66FED2C8-E12E-4951-A154-D22C3B0A9958}"
EndProject
Project("{F2A71F9B-5D33-465A-A702-920D77279786}") = "Calculator", "Calculator\Calculator.fsproj", "{3D829B38-5DDE-40D1-BBD6-7470A52044CF}"
EndProject
Global
	GlobalSection(SolutionConfigurationPlatforms) = preSolution
		Debug|Any CPU = Debug|Any CPU
		Release|Any CPU = Release|Any CPU
	EndGlobalSection
	GlobalSection(ProjectConfigurationPlatforms) = postSolution
		{66FED2C8-E12E-4951-A154-D22C3B0A9958}.Debug|Any CPU.ActiveCfg = Debug|Any CPU
		{66FED2C8-E12E-4951-A154-D22C3B0A9958}.Debug|Any CPU.Build.0 = Debug|Any CPU
		{66FED2C8-E12E-4951-A154-D22C3B0A9958}.Release|Any CPU.ActiveCfg = Release|Any CPU
		{66FED2C8-E12E-4951-A154-D22C3B0A9958}.Release|Any CPU.Build.0 = Release|Any CPU
		{3D829B38-5DDE-40D1-BBD6-7470A52044CF}.Debug|Any CPU.ActiveCfg = Debug|Any CPU
		{3D829B38-5DDE-40D1-BBD6-7470A52044CF}.Debug|Any CPU.Build.0 = Debug|Any CPU
		{3D829B38-5DDE-40D1-BBD6-7470A52044CF}.Release|Any CPU.ActiveCfg = Release|Any CPU
		{3D829B38-5DDE-40D1-BBD6-7470A52044CF}.Release|Any CPU.Build.0 = Release|Any CPU
	EndGlobalSection
EndGlobal
